Microsoft Visual Studio Solution File, Format Version 12.00
# Visual Studio Version 17
VisualStudioVersion = 17.1.32319.34
MinimumVisualStudioVersion = 10.0.40219.1
Project("{2150E333-8FDC-42A3-9474-1A3956D46DE8}") = "02.Infrastructures", "02.Infrastructures", "{3B899133-BEAC-4438-977F-B28FDFF3AE27}"
	ProjectSection(SolutionItems) = preProject
		Infrastructures\Directory.Build.props = Infrastructures\Directory.Build.props
	EndProjectSection
EndProject
Project("{2150E333-8FDC-42A3-9474-1A3956D46DE8}") = "06.App", "06.App", "{0CDC8FFF-393C-4C44-A2D8-996C24C51024}"
	ProjectSection(SolutionItems) = preProject
		App\Directory.Build.props = App\Directory.Build.props
	EndProjectSection
EndProject
Project("{2150E333-8FDC-42A3-9474-1A3956D46DE8}") = "61.Dkd.App.Admin", "61.Dkd.App.Admin", "{EB4CD5BA-9A74-4261-8CF3-28B8C7AE8D89}"
EndProject
Project("{9A19103F-16F7-4668-BE54-9A1E7A4F7556}") = "Dkd.App.Admin.Api", "App\Admin\Admin.Api\Dkd.App.Admin.Api.csproj", "{1A612204-5F59-4940-B0F1-5F1098FDEF2A}"
EndProject
Project("{9A19103F-16F7-4668-BE54-9A1E7A4F7556}") = "Dkd.Infra.Consul", "Infrastructures\Consul\Dkd.Infra.Consul.csproj", "{45A76D25-58EB-4AE0-85B4-31F7B777CA15}"
EndProject
Project("{9A19103F-16F7-4668-BE54-9A1E7A4F7556}") = "Dkd.Infra.EventBus", "Infrastructures\EventBus\Dkd.Infra.EventBus.csproj", "{13A88A12-58E6-403D-9BC0-66A04C36BABA}"
EndProject
Project("{9A19103F-16F7-4668-BE54-9A1E7A4F7556}") = "Dkd.App.Admin.Application.Contracts", "App\Admin\Admin.Application.Contracts\Dkd.App.Admin.Application.Contracts.csproj", "{71520BFB-26D6-4931-BAED-91AEA9A40DDE}"
EndProject
Project("{9A19103F-16F7-4668-BE54-9A1E7A4F7556}") = "Dkd.Infra.Core", "Infrastructures\Core\Dkd.Infra.Core.csproj", "{D54CDC48-F5C6-48DC-AB63-EFEC67E44E8C}"
EndProject
Project("{9A19103F-16F7-4668-BE54-9A1E7A4F7556}") = "Dkd.App.Admin.Repository", "App\Admin\Admin.Repository\Dkd.App.Admin.Repository.csproj", "{0F3C6418-FF43-45F5-A543-BFF6390C68CE}"
EndProject
Project("{9A19103F-16F7-4668-BE54-9A1E7A4F7556}") = "Dkd.Infra.Repository.EfCore.MySql", "Infrastructures\Repository.EfCore.Mysql\Dkd.Infra.Repository.EfCore.MySql.csproj", "{4996AD8D-3CB3-4C18-9E5E-DD58F01757C6}"
EndProject
Project("{9A19103F-16F7-4668-BE54-9A1E7A4F7556}") = "Dkd.Infra.Repository", "Infrastructures\Repository\Dkd.Infra.Repository.csproj", "{D7AE607C-E50E-4F69-86C9-1BE57999C5F6}"
EndProject
Project("{9A19103F-16F7-4668-BE54-9A1E7A4F7556}") = "Dkd.Infra.Helper", "Infrastructures\Helper\Dkd.Infra.Helper.csproj", "{538DC339-CEBD-46D4-9241-39EC28D8B8EB}"
EndProject
Project("{9A19103F-16F7-4668-BE54-9A1E7A4F7556}") = "Dkd.App.Admin.Application", "App\Admin\Admin.Application\Dkd.App.Admin.Application.csproj", "{ABA5BFEF-7D6A-4379-86FD-F34403FECF4F}"
EndProject
Project("{9A19103F-16F7-4668-BE54-9A1E7A4F7556}") = "Dkd.Infra.Repository.Dapper", "Infrastructures\Repository.Dapper\Dkd.Infra.Repository.Dapper.csproj", "{71AE9D65-18B4-47AD-9003-2AE399949971}"
EndProject
Project("{9A19103F-16F7-4668-BE54-9A1E7A4F7556}") = "Dkd.Infra.IdGenerater", "Infrastructures\IdGenerater\Dkd.Infra.IdGenerater.csproj", "{33F58CA4-F76D-4326-AAA5-447662AE8A30}"
EndProject
Project("{9A19103F-16F7-4668-BE54-9A1E7A4F7556}") = "Dkd.Infra.Repository.EfCore", "Infrastructures\Repository.EfCore\Dkd.Infra.Repository.EfCore.csproj", "{2E1E570D-529F-4FDF-A05F-EC8735AE80F3}"
EndProject
Project("{9A19103F-16F7-4668-BE54-9A1E7A4F7556}") = "Dkd.Infra.Repository.EfCore.SqlServer", "Infrastructures\Repository.EfCore.SqlServer\Dkd.Infra.Repository.EfCore.SqlServer.csproj", "{37533E90-9599-4A36-8A47-85379A7004D5}"
EndProject
Project("{9A19103F-16F7-4668-BE54-9A1E7A4F7556}") = "Dkd.Infra.Redis", "Infrastructures\Redis\Dkd.Infra.Redis.csproj", "{70DC6E1E-8364-4F2E-B059-00D8EE6D5C27}"
EndProject
Project("{9A19103F-16F7-4668-BE54-9A1E7A4F7556}") = "Dkd.Infra.Redis.Caching", "Infrastructures\Redis.Caching\Dkd.Infra.Redis.Caching.csproj", "{E0C1112A-4BE0-41FA-A3DD-784DB410899B}"
EndProject
Project("{2150E333-8FDC-42A3-9474-1A3956D46DE8}") = "01.Solution Items", "01.Solution Items", "{22E3C569-C1D2-4562-ADE0-4E51EE0976D8}"
	ProjectSection(SolutionItems) = preProject
		.editorconfig = .editorconfig
		deploy_demo.sh = deploy_demo.sh
		deploy_ocelot.sh = deploy_ocelot.sh
		Directory.Build.props = Directory.Build.props
	EndProjectSection
EndProject
Project("{2150E333-8FDC-42A3-9474-1A3956D46DE8}") = "03.ServiceShared", "03.ServiceShared", "{9697B6F8-6C64-4184-AB6C-8683D6F12B61}"
	ProjectSection(SolutionItems) = preProject
		ServiceShared\Directory.Build.props = ServiceShared\Directory.Build.props
	EndProjectSection
EndProject
Project("{9A19103F-16F7-4668-BE54-9A1E7A4F7556}") = "Dkd.Shared", "ServiceShared\Shared\Dkd.Shared.csproj", "{392F5810-E2FD-477E-AD37-A24691000222}"
EndProject
Project("{9A19103F-16F7-4668-BE54-9A1E7A4F7556}") = "Dkd.Shared.Repository", "ServiceShared\Repository\Dkd.Shared.Repository.csproj", "{01F9D66F-AA08-486A-97B3-6DC245427EF6}"
EndProject
Project("{9A19103F-16F7-4668-BE54-9A1E7A4F7556}") = "Dkd.Shared.Application", "ServiceShared\Application\Dkd.Shared.Application.csproj", "{3BB941EB-47F8-46E1-B813-580BC39EF4F2}"
EndProject
Project("{9A19103F-16F7-4668-BE54-9A1E7A4F7556}") = "Dkd.Shared.Application.Contracts", "ServiceShared\Application.Contracts\Dkd.Shared.Application.Contracts.csproj", "{E61606A8-A25A-4DE2-9BE0-40F4AF90573E}"
EndProject
Project("{9A19103F-16F7-4668-BE54-9A1E7A4F7556}") = "Dkd.Shared.WebApi", "ServiceShared\WebApi\Dkd.Shared.WebApi.csproj", "{63390345-51E3-43DB-B097-D43AC6B8C3DD}"
EndProject
Project("{9A19103F-16F7-4668-BE54-9A1E7A4F7556}") = "Dkd.Shared.Domain", "ServiceShared\Domain\Dkd.Shared.Domain.csproj", "{E9D1CF25-E9AC-466B-B528-CD68B869A420}"
EndProject
Project("{9A19103F-16F7-4668-BE54-9A1E7A4F7556}") = "Dkd.Shared.Remote", "ServiceShared\Remote\Dkd.Shared.Remote.csproj", "{EE6D92B2-FE83-409B-8BE1-79B74D6784E1}"
EndProject
Project("{2150E333-8FDC-42A3-9474-1A3956D46DE8}") = "00.Shared", "00.Shared", "{8217BCCE-1B19-4784-A07E-9928C355B64C}"
EndProject
Project("{9A19103F-16F7-4668-BE54-9A1E7A4F7556}") = "Dkd.App.Const", "App\Shared\Const\Dkd.App.Const.csproj", "{5742C67F-92D4-445F-8B09-3B934788FFCE}"
EndProject
Project("{9A19103F-16F7-4668-BE54-9A1E7A4F7556}") = "Dkd.App.Remote.Event", "App\Shared\Remote.Event\Dkd.App.Remote.Event.csproj", "{84A5E07D-7214-40B8-9966-B0179EE5326F}"
EndProject
Project("{9A19103F-16F7-4668-BE54-9A1E7A4F7556}") = "Dkd.App.Remote.Grpc", "App\Shared\Remote.Grpc\Dkd.App.Remote.Grpc.csproj", "{9D6C47EB-1868-49A8-B000-CAE70DE2C063}"
EndProject
Project("{9A19103F-16F7-4668-BE54-9A1E7A4F7556}") = "Dkd.App.Remote.Http", "App\Shared\Remote.Http\Dkd.App.Remote.Http.csproj", "{A1F61FE7-6308-4930-88DD-73CCAAFE591A}"
EndProject
Project("{2150E333-8FDC-42A3-9474-1A3956D46DE8}") = "resources", "resources", "{37DC69C6-7EC1-4F12-9DE9-9CDDC977619F}"
	ProjectSection(SolutionItems) = preProject
		App\Shared\resources\appsettings.shared.Development.json = App\Shared\resources\appsettings.shared.Development.json
		App\Shared\resources\swagger_miniprofiler.html = App\Shared\resources\swagger_miniprofiler.html
	EndProjectSection
EndProject
Project("{2150E333-8FDC-42A3-9474-1A3956D46DE8}") = "Nlog", "Nlog", "{4110A68D-7F73-4824-BFBD-30E5B06324CF}"
	ProjectSection(SolutionItems) = preProject
		App\Shared\resources\NLog\nlog-console.config = App\Shared\resources\NLog\nlog-console.config
		App\Shared\resources\NLog\nlog-file.config = App\Shared\resources\NLog\nlog-file.config
		App\Shared\resources\NLog\nlog-loki.config = App\Shared\resources\NLog\nlog-loki.config
	EndProjectSection
EndProject
Project("{2150E333-8FDC-42A3-9474-1A3956D46DE8}") = "wwwroot", "wwwroot", "{99FBF3BA-2535-43D7-8099-1028D83D5B30}"
	ProjectSection(SolutionItems) = preProject
		App\Shared\resources\wwwroot\favicon.ico = App\Shared\resources\wwwroot\favicon.ico
	EndProjectSection
EndProject
Project("{FAE04EC0-301F-11D3-BF4B-00C04F79EFBC}") = "Dkd.Infra.Repository.EfCore.MongoDB", "Infrastructures\Repository.EfCore.MongoDB\Dkd.Infra.Repository.EfCore.MongoDB.csproj", "{EA0679C8-9135-4F61-82E8-B307D23E812C}"
EndProject
Project("{FAE04EC0-301F-11D3-BF4B-00C04F79EFBC}") = "Dkd.Infra.Text", "Infrastructures\Text\Dkd.Infra.Text\Dkd.Infra.Text.csproj", "{83E0AEFC-916C-72FC-E484-BEB719575894}"
EndProject
Project("{FAE04EC0-301F-11D3-BF4B-00C04F79EFBC}") = "Dkd.Infra.Flows", "Infrastructures\Flows\Dkd.Infra.Flows\Dkd.Infra.Flows.csproj", "{CE599D94-FE47-0485-A39D-0B00AEC2DF02}"
EndProject
Project("{FAE04EC0-301F-11D3-BF4B-00C04F79EFBC}") = "Dkd.Infra.Flows.EntityFramework", "Infrastructures\Flows\Dkd.Infra.Flows.EntityFramework\Dkd.Infra.Flows.EntityFramework.csproj", "{39F7DC1B-A546-9BDB-10C0-5CB8B7CBB777}"
EndProject
Global
	GlobalSection(SolutionConfigurationPlatforms) = preSolution
		Debug|Any CPU = Debug|Any CPU
		Debug|x64 = Debug|x64
		Release|Any CPU = Release|Any CPU
		Release|x64 = Release|x64
	EndGlobalSection
	GlobalSection(ProjectConfigurationPlatforms) = postSolution
		{1A612204-5F59-4940-B0F1-5F1098FDEF2A}.Debug|Any CPU.ActiveCfg = Debug|Any CPU
		{1A612204-5F59-4940-B0F1-5F1098FDEF2A}.Debug|Any CPU.Build.0 = Debug|Any CPU
		{1A612204-5F59-4940-B0F1-5F1098FDEF2A}.Debug|x64.ActiveCfg = Debug|Any CPU
		{1A612204-5F59-4940-B0F1-5F1098FDEF2A}.Debug|x64.Build.0 = Debug|Any CPU
		{1A612204-5F59-4940-B0F1-5F1098FDEF2A}.Release|Any CPU.ActiveCfg = Release|Any CPU
		{1A612204-5F59-4940-B0F1-5F1098FDEF2A}.Release|Any CPU.Build.0 = Release|Any CPU
		{1A612204-5F59-4940-B0F1-5F1098FDEF2A}.Release|x64.ActiveCfg = Release|Any CPU
		{1A612204-5F59-4940-B0F1-5F1098FDEF2A}.Release|x64.Build.0 = Release|Any CPU
		{45A76D25-58EB-4AE0-85B4-31F7B777CA15}.Debug|Any CPU.ActiveCfg = Debug|Any CPU
		{45A76D25-58EB-4AE0-85B4-31F7B777CA15}.Debug|Any CPU.Build.0 = Debug|Any CPU
		{45A76D25-58EB-4AE0-85B4-31F7B777CA15}.Debug|x64.ActiveCfg = Debug|Any CPU
		{45A76D25-58EB-4AE0-85B4-31F7B777CA15}.Debug|x64.Build.0 = Debug|Any CPU
		{45A76D25-58EB-4AE0-85B4-31F7B777CA15}.Release|Any CPU.ActiveCfg = Release|Any CPU
		{45A76D25-58EB-4AE0-85B4-31F7B777CA15}.Release|Any CPU.Build.0 = Release|Any CPU
		{45A76D25-58EB-4AE0-85B4-31F7B777CA15}.Release|x64.ActiveCfg = Release|Any CPU
		{45A76D25-58EB-4AE0-85B4-31F7B777CA15}.Release|x64.Build.0 = Release|Any CPU
		{13A88A12-58E6-403D-9BC0-66A04C36BABA}.Debug|Any CPU.ActiveCfg = Debug|Any CPU
		{13A88A12-58E6-403D-9BC0-66A04C36BABA}.Debug|Any CPU.Build.0 = Debug|Any CPU
		{13A88A12-58E6-403D-9BC0-66A04C36BABA}.Debug|x64.ActiveCfg = Debug|Any CPU
		{13A88A12-58E6-403D-9BC0-66A04C36BABA}.Debug|x64.Build.0 = Debug|Any CPU
		{13A88A12-58E6-403D-9BC0-66A04C36BABA}.Release|Any CPU.ActiveCfg = Release|Any CPU
		{13A88A12-58E6-403D-9BC0-66A04C36BABA}.Release|Any CPU.Build.0 = Release|Any CPU
		{13A88A12-58E6-403D-9BC0-66A04C36BABA}.Release|x64.ActiveCfg = Release|Any CPU
		{13A88A12-58E6-403D-9BC0-66A04C36BABA}.Release|x64.Build.0 = Release|Any CPU
		{71520BFB-26D6-4931-BAED-91AEA9A40DDE}.Debug|Any CPU.ActiveCfg = Debug|Any CPU
		{71520BFB-26D6-4931-BAED-91AEA9A40DDE}.Debug|Any CPU.Build.0 = Debug|Any CPU
		{71520BFB-26D6-4931-BAED-91AEA9A40DDE}.Debug|x64.ActiveCfg = Debug|Any CPU
		{71520BFB-26D6-4931-BAED-91AEA9A40DDE}.Debug|x64.Build.0 = Debug|Any CPU
		{71520BFB-26D6-4931-BAED-91AEA9A40DDE}.Release|Any CPU.ActiveCfg = Release|Any CPU
		{71520BFB-26D6-4931-BAED-91AEA9A40DDE}.Release|Any CPU.Build.0 = Release|Any CPU
		{71520BFB-26D6-4931-BAED-91AEA9A40DDE}.Release|x64.ActiveCfg = Release|Any CPU
		{71520BFB-26D6-4931-BAED-91AEA9A40DDE}.Release|x64.Build.0 = Release|Any CPU
		{D54CDC48-F5C6-48DC-AB63-EFEC67E44E8C}.Debug|Any CPU.ActiveCfg = Debug|Any CPU
		{D54CDC48-F5C6-48DC-AB63-EFEC67E44E8C}.Debug|Any CPU.Build.0 = Debug|Any CPU
		{D54CDC48-F5C6-48DC-AB63-EFEC67E44E8C}.Debug|x64.ActiveCfg = Debug|Any CPU
		{D54CDC48-F5C6-48DC-AB63-EFEC67E44E8C}.Debug|x64.Build.0 = Debug|Any CPU
		{D54CDC48-F5C6-48DC-AB63-EFEC67E44E8C}.Release|Any CPU.ActiveCfg = Release|Any CPU
		{D54CDC48-F5C6-48DC-AB63-EFEC67E44E8C}.Release|Any CPU.Build.0 = Release|Any CPU
		{D54CDC48-F5C6-48DC-AB63-EFEC67E44E8C}.Release|x64.ActiveCfg = Release|Any CPU
		{D54CDC48-F5C6-48DC-AB63-EFEC67E44E8C}.Release|x64.Build.0 = Release|Any CPU
		{0F3C6418-FF43-45F5-A543-BFF6390C68CE}.Debug|Any CPU.ActiveCfg = Debug|Any CPU
		{0F3C6418-FF43-45F5-A543-BFF6390C68CE}.Debug|Any CPU.Build.0 = Debug|Any CPU
		{0F3C6418-FF43-45F5-A543-BFF6390C68CE}.Debug|x64.ActiveCfg = Debug|Any CPU
		{0F3C6418-FF43-45F5-A543-BFF6390C68CE}.Debug|x64.Build.0 = Debug|Any CPU
		{0F3C6418-FF43-45F5-A543-BFF6390C68CE}.Release|Any CPU.ActiveCfg = Release|Any CPU
		{0F3C6418-FF43-45F5-A543-BFF6390C68CE}.Release|Any CPU.Build.0 = Release|Any CPU
		{0F3C6418-FF43-45F5-A543-BFF6390C68CE}.Release|x64.ActiveCfg = Release|Any CPU
		{0F3C6418-FF43-45F5-A543-BFF6390C68CE}.Release|x64.Build.0 = Release|Any CPU
		{4996AD8D-3CB3-4C18-9E5E-DD58F01757C6}.Debug|Any CPU.ActiveCfg = Debug|Any CPU
		{4996AD8D-3CB3-4C18-9E5E-DD58F01757C6}.Debug|Any CPU.Build.0 = Debug|Any CPU
		{4996AD8D-3CB3-4C18-9E5E-DD58F01757C6}.Debug|x64.ActiveCfg = Debug|Any CPU
		{4996AD8D-3CB3-4C18-9E5E-DD58F01757C6}.Debug|x64.Build.0 = Debug|Any CPU
		{4996AD8D-3CB3-4C18-9E5E-DD58F01757C6}.Release|Any CPU.ActiveCfg = Release|Any CPU
		{4996AD8D-3CB3-4C18-9E5E-DD58F01757C6}.Release|Any CPU.Build.0 = Release|Any CPU
		{4996AD8D-3CB3-4C18-9E5E-DD58F01757C6}.Release|x64.ActiveCfg = Release|Any CPU
		{4996AD8D-3CB3-4C18-9E5E-DD58F01757C6}.Release|x64.Build.0 = Release|Any CPU
		{D7AE607C-E50E-4F69-86C9-1BE57999C5F6}.Debug|Any CPU.ActiveCfg = Debug|Any CPU
		{D7AE607C-E50E-4F69-86C9-1BE57999C5F6}.Debug|Any CPU.Build.0 = Debug|Any CPU
		{D7AE607C-E50E-4F69-86C9-1BE57999C5F6}.Debug|x64.ActiveCfg = Debug|Any CPU
		{D7AE607C-E50E-4F69-86C9-1BE57999C5F6}.Debug|x64.Build.0 = Debug|Any CPU
		{D7AE607C-E50E-4F69-86C9-1BE57999C5F6}.Release|Any CPU.ActiveCfg = Release|Any CPU
		{D7AE607C-E50E-4F69-86C9-1BE57999C5F6}.Release|Any CPU.Build.0 = Release|Any CPU
		{D7AE607C-E50E-4F69-86C9-1BE57999C5F6}.Release|x64.ActiveCfg = Release|Any CPU
		{D7AE607C-E50E-4F69-86C9-1BE57999C5F6}.Release|x64.Build.0 = Release|Any CPU
		{538DC339-CEBD-46D4-9241-39EC28D8B8EB}.Debug|Any CPU.ActiveCfg = Debug|Any CPU
		{538DC339-CEBD-46D4-9241-39EC28D8B8EB}.Debug|Any CPU.Build.0 = Debug|Any CPU
		{538DC339-CEBD-46D4-9241-39EC28D8B8EB}.Debug|x64.ActiveCfg = Debug|Any CPU
		{538DC339-CEBD-46D4-9241-39EC28D8B8EB}.Debug|x64.Build.0 = Debug|Any CPU
		{538DC339-CEBD-46D4-9241-39EC28D8B8EB}.Release|Any CPU.ActiveCfg = Release|Any CPU
		{538DC339-CEBD-46D4-9241-39EC28D8B8EB}.Release|Any CPU.Build.0 = Release|Any CPU
		{538DC339-CEBD-46D4-9241-39EC28D8B8EB}.Release|x64.ActiveCfg = Release|Any CPU
		{538DC339-CEBD-46D4-9241-39EC28D8B8EB}.Release|x64.Build.0 = Release|Any CPU
		{ABA5BFEF-7D6A-4379-86FD-F34403FECF4F}.Debug|Any CPU.ActiveCfg = Debug|Any CPU
		{ABA5BFEF-7D6A-4379-86FD-F34403FECF4F}.Debug|Any CPU.Build.0 = Debug|Any CPU
		{ABA5BFEF-7D6A-4379-86FD-F34403FECF4F}.Debug|x64.ActiveCfg = Debug|Any CPU
		{ABA5BFEF-7D6A-4379-86FD-F34403FECF4F}.Debug|x64.Build.0 = Debug|Any CPU
		{ABA5BFEF-7D6A-4379-86FD-F34403FECF4F}.Release|Any CPU.ActiveCfg = Release|Any CPU
		{ABA5BFEF-7D6A-4379-86FD-F34403FECF4F}.Release|Any CPU.Build.0 = Release|Any CPU
		{ABA5BFEF-7D6A-4379-86FD-F34403FECF4F}.Release|x64.ActiveCfg = Release|Any CPU
		{ABA5BFEF-7D6A-4379-86FD-F34403FECF4F}.Release|x64.Build.0 = Release|Any CPU
		{71AE9D65-18B4-47AD-9003-2AE399949971}.Debug|Any CPU.ActiveCfg = Debug|Any CPU
		{71AE9D65-18B4-47AD-9003-2AE399949971}.Debug|Any CPU.Build.0 = Debug|Any CPU
		{71AE9D65-18B4-47AD-9003-2AE399949971}.Debug|x64.ActiveCfg = Debug|Any CPU
		{71AE9D65-18B4-47AD-9003-2AE399949971}.Debug|x64.Build.0 = Debug|Any CPU
		{71AE9D65-18B4-47AD-9003-2AE399949971}.Release|Any CPU.ActiveCfg = Release|Any CPU
		{71AE9D65-18B4-47AD-9003-2AE399949971}.Release|Any CPU.Build.0 = Release|Any CPU
		{71AE9D65-18B4-47AD-9003-2AE399949971}.Release|x64.ActiveCfg = Release|Any CPU
		{71AE9D65-18B4-47AD-9003-2AE399949971}.Release|x64.Build.0 = Release|Any CPU
		{33F58CA4-F76D-4326-AAA5-447662AE8A30}.Debug|Any CPU.ActiveCfg = Debug|Any CPU
		{33F58CA4-F76D-4326-AAA5-447662AE8A30}.Debug|Any CPU.Build.0 = Debug|Any CPU
		{33F58CA4-F76D-4326-AAA5-447662AE8A30}.Debug|x64.ActiveCfg = Debug|Any CPU
		{33F58CA4-F76D-4326-AAA5-447662AE8A30}.Debug|x64.Build.0 = Debug|Any CPU
		{33F58CA4-F76D-4326-AAA5-447662AE8A30}.Release|Any CPU.ActiveCfg = Release|Any CPU
		{33F58CA4-F76D-4326-AAA5-447662AE8A30}.Release|Any CPU.Build.0 = Release|Any CPU
		{33F58CA4-F76D-4326-AAA5-447662AE8A30}.Release|x64.ActiveCfg = Release|Any CPU
		{33F58CA4-F76D-4326-AAA5-447662AE8A30}.Release|x64.Build.0 = Release|Any CPU
		{2E1E570D-529F-4FDF-A05F-EC8735AE80F3}.Debug|Any CPU.ActiveCfg = Debug|Any CPU
		{2E1E570D-529F-4FDF-A05F-EC8735AE80F3}.Debug|Any CPU.Build.0 = Debug|Any CPU
		{2E1E570D-529F-4FDF-A05F-EC8735AE80F3}.Debug|x64.ActiveCfg = Debug|Any CPU
		{2E1E570D-529F-4FDF-A05F-EC8735AE80F3}.Debug|x64.Build.0 = Debug|Any CPU
		{2E1E570D-529F-4FDF-A05F-EC8735AE80F3}.Release|Any CPU.ActiveCfg = Release|Any CPU
		{2E1E570D-529F-4FDF-A05F-EC8735AE80F3}.Release|Any CPU.Build.0 = Release|Any CPU
		{2E1E570D-529F-4FDF-A05F-EC8735AE80F3}.Release|x64.ActiveCfg = Release|Any CPU
		{2E1E570D-529F-4FDF-A05F-EC8735AE80F3}.Release|x64.Build.0 = Release|Any CPU
		{37533E90-9599-4A36-8A47-85379A7004D5}.Debug|Any CPU.ActiveCfg = Debug|Any CPU
		{37533E90-9599-4A36-8A47-85379A7004D5}.Debug|Any CPU.Build.0 = Debug|Any CPU
		{37533E90-9599-4A36-8A47-85379A7004D5}.Debug|x64.ActiveCfg = Debug|Any CPU
		{37533E90-9599-4A36-8A47-85379A7004D5}.Debug|x64.Build.0 = Debug|Any CPU
		{37533E90-9599-4A36-8A47-85379A7004D5}.Release|Any CPU.ActiveCfg = Release|Any CPU
		{37533E90-9599-4A36-8A47-85379A7004D5}.Release|Any CPU.Build.0 = Release|Any CPU
		{37533E90-9599-4A36-8A47-85379A7004D5}.Release|x64.ActiveCfg = Release|Any CPU
		{37533E90-9599-4A36-8A47-85379A7004D5}.Release|x64.Build.0 = Release|Any CPU
		{70DC6E1E-8364-4F2E-B059-00D8EE6D5C27}.Debug|Any CPU.ActiveCfg = Debug|Any CPU
		{70DC6E1E-8364-4F2E-B059-00D8EE6D5C27}.Debug|Any CPU.Build.0 = Debug|Any CPU
		{70DC6E1E-8364-4F2E-B059-00D8EE6D5C27}.Debug|x64.ActiveCfg = Debug|Any CPU
		{70DC6E1E-8364-4F2E-B059-00D8EE6D5C27}.Debug|x64.Build.0 = Debug|Any CPU
		{70DC6E1E-8364-4F2E-B059-00D8EE6D5C27}.Release|Any CPU.ActiveCfg = Release|Any CPU
		{70DC6E1E-8364-4F2E-B059-00D8EE6D5C27}.Release|Any CPU.Build.0 = Release|Any CPU
		{70DC6E1E-8364-4F2E-B059-00D8EE6D5C27}.Release|x64.ActiveCfg = Release|Any CPU
		{70DC6E1E-8364-4F2E-B059-00D8EE6D5C27}.Release|x64.Build.0 = Release|Any CPU
		{E0C1112A-4BE0-41FA-A3DD-784DB410899B}.Debug|Any CPU.ActiveCfg = Debug|Any CPU
		{E0C1112A-4BE0-41FA-A3DD-784DB410899B}.Debug|Any CPU.Build.0 = Debug|Any CPU
		{E0C1112A-4BE0-41FA-A3DD-784DB410899B}.Debug|x64.ActiveCfg = Debug|Any CPU
		{E0C1112A-4BE0-41FA-A3DD-784DB410899B}.Debug|x64.Build.0 = Debug|Any CPU
		{E0C1112A-4BE0-41FA-A3DD-784DB410899B}.Release|Any CPU.ActiveCfg = Release|Any CPU
		{E0C1112A-4BE0-41FA-A3DD-784DB410899B}.Release|Any CPU.Build.0 = Release|Any CPU
		{E0C1112A-4BE0-41FA-A3DD-784DB410899B}.Release|x64.ActiveCfg = Release|Any CPU
		{E0C1112A-4BE0-41FA-A3DD-784DB410899B}.Release|x64.Build.0 = Release|Any CPU
		{392F5810-E2FD-477E-AD37-A24691000222}.Debug|Any CPU.ActiveCfg = Debug|Any CPU
		{392F5810-E2FD-477E-AD37-A24691000222}.Debug|Any CPU.Build.0 = Debug|Any CPU
		{392F5810-E2FD-477E-AD37-A24691000222}.Debug|x64.ActiveCfg = Debug|Any CPU
		{392F5810-E2FD-477E-AD37-A24691000222}.Debug|x64.Build.0 = Debug|Any CPU
		{392F5810-E2FD-477E-AD37-A24691000222}.Release|Any CPU.ActiveCfg = Release|Any CPU
		{392F5810-E2FD-477E-AD37-A24691000222}.Release|Any CPU.Build.0 = Release|Any CPU
		{392F5810-E2FD-477E-AD37-A24691000222}.Release|x64.ActiveCfg = Release|Any CPU
		{392F5810-E2FD-477E-AD37-A24691000222}.Release|x64.Build.0 = Release|Any CPU
		{01F9D66F-AA08-486A-97B3-6DC245427EF6}.Debug|Any CPU.ActiveCfg = Debug|Any CPU
		{01F9D66F-AA08-486A-97B3-6DC245427EF6}.Debug|Any CPU.Build.0 = Debug|Any CPU
		{01F9D66F-AA08-486A-97B3-6DC245427EF6}.Debug|x64.ActiveCfg = Debug|Any CPU
		{01F9D66F-AA08-486A-97B3-6DC245427EF6}.Debug|x64.Build.0 = Debug|Any CPU
		{01F9D66F-AA08-486A-97B3-6DC245427EF6}.Release|Any CPU.ActiveCfg = Release|Any CPU
		{01F9D66F-AA08-486A-97B3-6DC245427EF6}.Release|Any CPU.Build.0 = Release|Any CPU
		{01F9D66F-AA08-486A-97B3-6DC245427EF6}.Release|x64.ActiveCfg = Release|Any CPU
		{01F9D66F-AA08-486A-97B3-6DC245427EF6}.Release|x64.Build.0 = Release|Any CPU
		{3BB941EB-47F8-46E1-B813-580BC39EF4F2}.Debug|Any CPU.ActiveCfg = Debug|Any CPU
		{3BB941EB-47F8-46E1-B813-580BC39EF4F2}.Debug|Any CPU.Build.0 = Debug|Any CPU
		{3BB941EB-47F8-46E1-B813-580BC39EF4F2}.Debug|x64.ActiveCfg = Debug|Any CPU
		{3BB941EB-47F8-46E1-B813-580BC39EF4F2}.Debug|x64.Build.0 = Debug|Any CPU
		{3BB941EB-47F8-46E1-B813-580BC39EF4F2}.Release|Any CPU.ActiveCfg = Release|Any CPU
		{3BB941EB-47F8-46E1-B813-580BC39EF4F2}.Release|Any CPU.Build.0 = Release|Any CPU
		{3BB941EB-47F8-46E1-B813-580BC39EF4F2}.Release|x64.ActiveCfg = Release|Any CPU
		{3BB941EB-47F8-46E1-B813-580BC39EF4F2}.Release|x64.Build.0 = Release|Any CPU
		{E61606A8-A25A-4DE2-9BE0-40F4AF90573E}.Debug|Any CPU.ActiveCfg = Debug|Any CPU
		{E61606A8-A25A-4DE2-9BE0-40F4AF90573E}.Debug|Any CPU.Build.0 = Debug|Any CPU
		{E61606A8-A25A-4DE2-9BE0-40F4AF90573E}.Debug|x64.ActiveCfg = Debug|Any CPU
		{E61606A8-A25A-4DE2-9BE0-40F4AF90573E}.Debug|x64.Build.0 = Debug|Any CPU
		{E61606A8-A25A-4DE2-9BE0-40F4AF90573E}.Release|Any CPU.ActiveCfg = Release|Any CPU
		{E61606A8-A25A-4DE2-9BE0-40F4AF90573E}.Release|Any CPU.Build.0 = Release|Any CPU
		{E61606A8-A25A-4DE2-9BE0-40F4AF90573E}.Release|x64.ActiveCfg = Release|Any CPU
		{E61606A8-A25A-4DE2-9BE0-40F4AF90573E}.Release|x64.Build.0 = Release|Any CPU
		{63390345-51E3-43DB-B097-D43AC6B8C3DD}.Debug|Any CPU.ActiveCfg = Debug|Any CPU
		{63390345-51E3-43DB-B097-D43AC6B8C3DD}.Debug|Any CPU.Build.0 = Debug|Any CPU
		{63390345-51E3-43DB-B097-D43AC6B8C3DD}.Debug|x64.ActiveCfg = Debug|Any CPU
		{63390345-51E3-43DB-B097-D43AC6B8C3DD}.Debug|x64.Build.0 = Debug|Any CPU
		{63390345-51E3-43DB-B097-D43AC6B8C3DD}.Release|Any CPU.ActiveCfg = Release|Any CPU
		{63390345-51E3-43DB-B097-D43AC6B8C3DD}.Release|Any CPU.Build.0 = Release|Any CPU
		{63390345-51E3-43DB-B097-D43AC6B8C3DD}.Release|x64.ActiveCfg = Release|Any CPU
		{63390345-51E3-43DB-B097-D43AC6B8C3DD}.Release|x64.Build.0 = Release|Any CPU
		{E9D1CF25-E9AC-466B-B528-CD68B869A420}.Debug|Any CPU.ActiveCfg = Debug|Any CPU
		{E9D1CF25-E9AC-466B-B528-CD68B869A420}.Debug|Any CPU.Build.0 = Debug|Any CPU
		{E9D1CF25-E9AC-466B-B528-CD68B869A420}.Debug|x64.ActiveCfg = Debug|Any CPU
		{E9D1CF25-E9AC-466B-B528-CD68B869A420}.Debug|x64.Build.0 = Debug|Any CPU
		{E9D1CF25-E9AC-466B-B528-CD68B869A420}.Release|Any CPU.ActiveCfg = Release|Any CPU
		{E9D1CF25-E9AC-466B-B528-CD68B869A420}.Release|Any CPU.Build.0 = Release|Any CPU
		{E9D1CF25-E9AC-466B-B528-CD68B869A420}.Release|x64.ActiveCfg = Release|Any CPU
		{E9D1CF25-E9AC-466B-B528-CD68B869A420}.Release|x64.Build.0 = Release|Any CPU
		{EE6D92B2-FE83-409B-8BE1-79B74D6784E1}.Debug|Any CPU.ActiveCfg = Debug|Any CPU
		{EE6D92B2-FE83-409B-8BE1-79B74D6784E1}.Debug|Any CPU.Build.0 = Debug|Any CPU
		{EE6D92B2-FE83-409B-8BE1-79B74D6784E1}.Debug|x64.ActiveCfg = Debug|Any CPU
		{EE6D92B2-FE83-409B-8BE1-79B74D6784E1}.Debug|x64.Build.0 = Debug|Any CPU
		{EE6D92B2-FE83-409B-8BE1-79B74D6784E1}.Release|Any CPU.ActiveCfg = Release|Any CPU
		{EE6D92B2-FE83-409B-8BE1-79B74D6784E1}.Release|Any CPU.Build.0 = Release|Any CPU
		{EE6D92B2-FE83-409B-8BE1-79B74D6784E1}.Release|x64.ActiveCfg = Release|Any CPU
		{EE6D92B2-FE83-409B-8BE1-79B74D6784E1}.Release|x64.Build.0 = Release|Any CPU
		{5742C67F-92D4-445F-8B09-3B934788FFCE}.Debug|Any CPU.ActiveCfg = Debug|Any CPU
		{5742C67F-92D4-445F-8B09-3B934788FFCE}.Debug|Any CPU.Build.0 = Debug|Any CPU
		{5742C67F-92D4-445F-8B09-3B934788FFCE}.Debug|x64.ActiveCfg = Debug|Any CPU
		{5742C67F-92D4-445F-8B09-3B934788FFCE}.Debug|x64.Build.0 = Debug|Any CPU
		{5742C67F-92D4-445F-8B09-3B934788FFCE}.Release|Any CPU.ActiveCfg = Release|Any CPU
		{5742C67F-92D4-445F-8B09-3B934788FFCE}.Release|Any CPU.Build.0 = Release|Any CPU
		{5742C67F-92D4-445F-8B09-3B934788FFCE}.Release|x64.ActiveCfg = Release|Any CPU
		{5742C67F-92D4-445F-8B09-3B934788FFCE}.Release|x64.Build.0 = Release|Any CPU
		{84A5E07D-7214-40B8-9966-B0179EE5326F}.Debug|Any CPU.ActiveCfg = Debug|Any CPU
		{84A5E07D-7214-40B8-9966-B0179EE5326F}.Debug|Any CPU.Build.0 = Debug|Any CPU
		{84A5E07D-7214-40B8-9966-B0179EE5326F}.Debug|x64.ActiveCfg = Debug|Any CPU
		{84A5E07D-7214-40B8-9966-B0179EE5326F}.Debug|x64.Build.0 = Debug|Any CPU
		{84A5E07D-7214-40B8-9966-B0179EE5326F}.Release|Any CPU.ActiveCfg = Release|Any CPU
		{84A5E07D-7214-40B8-9966-B0179EE5326F}.Release|Any CPU.Build.0 = Release|Any CPU
		{84A5E07D-7214-40B8-9966-B0179EE5326F}.Release|x64.ActiveCfg = Release|Any CPU
		{84A5E07D-7214-40B8-9966-B0179EE5326F}.Release|x64.Build.0 = Release|Any CPU
		{9D6C47EB-1868-49A8-B000-CAE70DE2C063}.Debug|Any CPU.ActiveCfg = Debug|Any CPU
		{9D6C47EB-1868-49A8-B000-CAE70DE2C063}.Debug|Any CPU.Build.0 = Debug|Any CPU
		{9D6C47EB-1868-49A8-B000-CAE70DE2C063}.Debug|x64.ActiveCfg = Debug|Any CPU
		{9D6C47EB-1868-49A8-B000-CAE70DE2C063}.Debug|x64.Build.0 = Debug|Any CPU
		{9D6C47EB-1868-49A8-B000-CAE70DE2C063}.Release|Any CPU.ActiveCfg = Release|Any CPU
		{9D6C47EB-1868-49A8-B000-CAE70DE2C063}.Release|Any CPU.Build.0 = Release|Any CPU
		{9D6C47EB-1868-49A8-B000-CAE70DE2C063}.Release|x64.ActiveCfg = Release|Any CPU
		{9D6C47EB-1868-49A8-B000-CAE70DE2C063}.Release|x64.Build.0 = Release|Any CPU
		{A1F61FE7-6308-4930-88DD-73CCAAFE591A}.Debug|Any CPU.ActiveCfg = Debug|Any CPU
		{A1F61FE7-6308-4930-88DD-73CCAAFE591A}.Debug|Any CPU.Build.0 = Debug|Any CPU
		{A1F61FE7-6308-4930-88DD-73CCAAFE591A}.Debug|x64.ActiveCfg = Debug|Any CPU
		{A1F61FE7-6308-4930-88DD-73CCAAFE591A}.Debug|x64.Build.0 = Debug|Any CPU
		{A1F61FE7-6308-4930-88DD-73CCAAFE591A}.Release|Any CPU.ActiveCfg = Release|Any CPU
		{A1F61FE7-6308-4930-88DD-73CCAAFE591A}.Release|Any CPU.Build.0 = Release|Any CPU
		{A1F61FE7-6308-4930-88DD-73CCAAFE591A}.Release|x64.ActiveCfg = Release|Any CPU
		{A1F61FE7-6308-4930-88DD-73CCAAFE591A}.Release|x64.Build.0 = Release|Any CPU
		{EA0679C8-9135-4F61-82E8-B307D23E812C}.Debug|Any CPU.ActiveCfg = Debug|Any CPU
		{EA0679C8-9135-4F61-82E8-B307D23E812C}.Debug|Any CPU.Build.0 = Debug|Any CPU
		{EA0679C8-9135-4F61-82E8-B307D23E812C}.Debug|x64.ActiveCfg = Debug|Any CPU
		{EA0679C8-9135-4F61-82E8-B307D23E812C}.Debug|x64.Build.0 = Debug|Any CPU
		{EA0679C8-9135-4F61-82E8-B307D23E812C}.Release|Any CPU.ActiveCfg = Release|Any CPU
		{EA0679C8-9135-4F61-82E8-B307D23E812C}.Release|Any CPU.Build.0 = Release|Any CPU
		{EA0679C8-9135-4F61-82E8-B307D23E812C}.Release|x64.ActiveCfg = Release|Any CPU
		{EA0679C8-9135-4F61-82E8-B307D23E812C}.Release|x64.Build.0 = Release|Any CPU
		{83E0AEFC-916C-72FC-E484-BEB719575894}.Debug|Any CPU.ActiveCfg = Debug|Any CPU
		{83E0AEFC-916C-72FC-E484-BEB719575894}.Debug|Any CPU.Build.0 = Debug|Any CPU
		{83E0AEFC-916C-72FC-E484-BEB719575894}.Debug|x64.ActiveCfg = Debug|Any CPU
		{83E0AEFC-916C-72FC-E484-BEB719575894}.Debug|x64.Build.0 = Debug|Any CPU
		{83E0AEFC-916C-72FC-E484-BEB719575894}.Release|Any CPU.ActiveCfg = Release|Any CPU
		{83E0AEFC-916C-72FC-E484-BEB719575894}.Release|Any CPU.Build.0 = Release|Any CPU
		{83E0AEFC-916C-72FC-E484-BEB719575894}.Release|x64.ActiveCfg = Release|Any CPU
		{83E0AEFC-916C-72FC-E484-BEB719575894}.Release|x64.Build.0 = Release|Any CPU
		{CE599D94-FE47-0485-A39D-0B00AEC2DF02}.Debug|Any CPU.ActiveCfg = Debug|Any CPU
		{CE599D94-FE47-0485-A39D-0B00AEC2DF02}.Debug|Any CPU.Build.0 = Debug|Any CPU
		{CE599D94-FE47-0485-A39D-0B00AEC2DF02}.Debug|x64.ActiveCfg = Debug|Any CPU
		{CE599D94-FE47-0485-A39D-0B00AEC2DF02}.Debug|x64.Build.0 = Debug|Any CPU
		{CE599D94-FE47-0485-A39D-0B00AEC2DF02}.Release|Any CPU.ActiveCfg = Release|Any CPU
		{CE599D94-FE47-0485-A39D-0B00AEC2DF02}.Release|Any CPU.Build.0 = Release|Any CPU
		{CE599D94-FE47-0485-A39D-0B00AEC2DF02}.Release|x64.ActiveCfg = Release|Any CPU
		{CE599D94-FE47-0485-A39D-0B00AEC2DF02}.Release|x64.Build.0 = Release|Any CPU
		{39F7DC1B-A546-9BDB-10C0-5CB8B7CBB777}.Debug|Any CPU.ActiveCfg = Debug|Any CPU
		{39F7DC1B-A546-9BDB-10C0-5CB8B7CBB777}.Debug|Any CPU.Build.0 = Debug|Any CPU
		{39F7DC1B-A546-9BDB-10C0-5CB8B7CBB777}.Debug|x64.ActiveCfg = Debug|Any CPU
		{39F7DC1B-A546-9BDB-10C0-5CB8B7CBB777}.Debug|x64.Build.0 = Debug|Any CPU
		{39F7DC1B-A546-9BDB-10C0-5CB8B7CBB777}.Release|Any CPU.ActiveCfg = Release|Any CPU
		{39F7DC1B-A546-9BDB-10C0-5CB8B7CBB777}.Release|Any CPU.Build.0 = Release|Any CPU
		{39F7DC1B-A546-9BDB-10C0-5CB8B7CBB777}.Release|x64.ActiveCfg = Release|Any CPU
		{39F7DC1B-A546-9BDB-10C0-5CB8B7CBB777}.Release|x64.Build.0 = Release|Any CPU
	EndGlobalSection
	GlobalSection(SolutionProperties) = preSolution
		HideSolutionNode = FALSE
	EndGlobalSection
	GlobalSection(NestedProjects) = preSolution
		{EB4CD5BA-9A74-4261-8CF3-28B8C7AE8D89} = {0CDC8FFF-393C-4C44-A2D8-996C24C51024}
		{1A612204-5F59-4940-B0F1-5F1098FDEF2A} = {EB4CD5BA-9A74-4261-8CF3-28B8C7AE8D89}
		{45A76D25-58EB-4AE0-85B4-31F7B777CA15} = {3B899133-BEAC-4438-977F-B28FDFF3AE27}
		{13A88A12-58E6-403D-9BC0-66A04C36BABA} = {3B899133-BEAC-4438-977F-B28FDFF3AE27}
		{71520BFB-26D6-4931-BAED-91AEA9A40DDE} = {EB4CD5BA-9A74-4261-8CF3-28B8C7AE8D89}
		{D54CDC48-F5C6-48DC-AB63-EFEC67E44E8C} = {3B899133-BEAC-4438-977F-B28FDFF3AE27}
		{0F3C6418-FF43-45F5-A543-BFF6390C68CE} = {EB4CD5BA-9A74-4261-8CF3-28B8C7AE8D89}
		{4996AD8D-3CB3-4C18-9E5E-DD58F01757C6} = {3B899133-BEAC-4438-977F-B28FDFF3AE27}
		{D7AE607C-E50E-4F69-86C9-1BE57999C5F6} = {3B899133-BEAC-4438-977F-B28FDFF3AE27}
		{538DC339-CEBD-46D4-9241-39EC28D8B8EB} = {3B899133-BEAC-4438-977F-B28FDFF3AE27}
		{ABA5BFEF-7D6A-4379-86FD-F34403FECF4F} = {EB4CD5BA-9A74-4261-8CF3-28B8C7AE8D89}
		{71AE9D65-18B4-47AD-9003-2AE399949971} = {3B899133-BEAC-4438-977F-B28FDFF3AE27}
		{33F58CA4-F76D-4326-AAA5-447662AE8A30} = {3B899133-BEAC-4438-977F-B28FDFF3AE27}
		{2E1E570D-529F-4FDF-A05F-EC8735AE80F3} = {3B899133-BEAC-4438-977F-B28FDFF3AE27}
		{37533E90-9599-4A36-8A47-85379A7004D5} = {3B899133-BEAC-4438-977F-B28FDFF3AE27}
		{70DC6E1E-8364-4F2E-B059-00D8EE6D5C27} = {3B899133-BEAC-4438-977F-B28FDFF3AE27}
		{E0C1112A-4BE0-41FA-A3DD-784DB410899B} = {3B899133-BEAC-4438-977F-B28FDFF3AE27}
		{392F5810-E2FD-477E-AD37-A24691000222} = {9697B6F8-6C64-4184-AB6C-8683D6F12B61}
		{01F9D66F-AA08-486A-97B3-6DC245427EF6} = {9697B6F8-6C64-4184-AB6C-8683D6F12B61}
		{3BB941EB-47F8-46E1-B813-580BC39EF4F2} = {9697B6F8-6C64-4184-AB6C-8683D6F12B61}
		{E61606A8-A25A-4DE2-9BE0-40F4AF90573E} = {9697B6F8-6C64-4184-AB6C-8683D6F12B61}
		{63390345-51E3-43DB-B097-D43AC6B8C3DD} = {9697B6F8-6C64-4184-AB6C-8683D6F12B61}
		{E9D1CF25-E9AC-466B-B528-CD68B869A420} = {9697B6F8-6C64-4184-AB6C-8683D6F12B61}
		{EE6D92B2-FE83-409B-8BE1-79B74D6784E1} = {9697B6F8-6C64-4184-AB6C-8683D6F12B61}
		{8217BCCE-1B19-4784-A07E-9928C355B64C} = {0CDC8FFF-393C-4C44-A2D8-996C24C51024}
		{5742C67F-92D4-445F-8B09-3B934788FFCE} = {8217BCCE-1B19-4784-A07E-9928C355B64C}
		{84A5E07D-7214-40B8-9966-B0179EE5326F} = {8217BCCE-1B19-4784-A07E-9928C355B64C}
		{9D6C47EB-1868-49A8-B000-CAE70DE2C063} = {8217BCCE-1B19-4784-A07E-9928C355B64C}
		{A1F61FE7-6308-4930-88DD-73CCAAFE591A} = {8217BCCE-1B19-4784-A07E-9928C355B64C}
		{37DC69C6-7EC1-4F12-9DE9-9CDDC977619F} = {8217BCCE-1B19-4784-A07E-9928C355B64C}
		{4110A68D-7F73-4824-BFBD-30E5B06324CF} = {37DC69C6-7EC1-4F12-9DE9-9CDDC977619F}
		{99FBF3BA-2535-43D7-8099-1028D83D5B30} = {37DC69C6-7EC1-4F12-9DE9-9CDDC977619F}
		{EA0679C8-9135-4F61-82E8-B307D23E812C} = {3B899133-BEAC-4438-977F-B28FDFF3AE27}
		{83E0AEFC-916C-72FC-E484-BEB719575894} = {3B899133-BEAC-4438-977F-B28FDFF3AE27}
		{CE599D94-FE47-0485-A39D-0B00AEC2DF02} = {3B899133-BEAC-4438-977F-B28FDFF3AE27}
		{39F7DC1B-A546-9BDB-10C0-5CB8B7CBB777} = {3B899133-BEAC-4438-977F-B28FDFF3AE27}
	EndGlobalSection
	GlobalSection(ExtensibilityGlobals) = postSolution
		SolutionGuid = {3DED72E8-74C9-4A51-A9CE-62ECFEEA1921}
	EndGlobalSection
EndGlobal
